// !$*UTF8*$!
{
	archiveVersion = 1;
	classes = {
	};
	objectVersion = 56;
	objects = {

/* Begin PBXBuildFile section */
		7EDEB7CC2A4A5C25004D6271 /* Rock__Paper_and_ScissorApp.swift in Sources */ = {isa = PBXBuildFile; fileRef = 7EDEB7CB2A4A5C25004D6271 /* Rock__Paper_and_ScissorApp.swift */; };
		7EDEB7CE2A4A5C25004D6271 /* ContentView.swift in Sources */ = {isa = PBXBuildFile; fileRef = 7EDEB7CD2A4A5C25004D6271 /* ContentView.swift */; };
		7EDEB7D02A4A5C25004D6271 /* Assets.xcassets in Resources */ = {isa = PBXBuildFile; fileRef = 7EDEB7CF2A4A5C25004D6271 /* Assets.xcassets */; };
		7EDEB7D32A4A5C25004D6271 /* Preview Assets.xcassets in Resources */ = {isa = PBXBuildFile; fileRef = 7EDEB7D22A4A5C25004D6271 /* Preview Assets.xcassets */; };
		7EDEB7DD2A4A5C26004D6271 /* Rock__Paper_and_ScissorTests.swift in Sources */ = {isa = PBXBuildFile; fileRef = 7EDEB7DC2A4A5C26004D6271 /* Rock__Paper_and_ScissorTests.swift */; };
		7EDEB7E72A4A5C26004D6271 /* Rock__Paper_and_ScissorUITests.swift in Sources */ = {isa = PBXBuildFile; fileRef = 7EDEB7E62A4A5C26004D6271 /* Rock__Paper_and_ScissorUITests.swift */; };
		7EDEB7E92A4A5C26004D6271 /* Rock__Paper_and_ScissorUITestsLaunchTests.swift in Sources */ = {isa = PBXBuildFile; fileRef = 7EDEB7E82A4A5C26004D6271 /* Rock__Paper_and_ScissorUITestsLaunchTests.swift */; };
/* End PBXBuildFile section */

/* Begin PBXContainerItemProxy section */
		7EDEB7D92A4A5C26004D6271 /* PBXContainerItemProxy */ = {
			isa = PBXContainerItemProxy;
			containerPortal = 7EDEB7C02A4A5C25004D6271 /* Project object */;
			proxyType = 1;
			remoteGlobalIDString = 7EDEB7C72A4A5C25004D6271;
			remoteInfo = "Rock, Paper and Scissor";
		};
		7EDEB7E32A4A5C26004D6271 /* PBXContainerItemProxy */ = {
			isa = PBXContainerItemProxy;
			containerPortal = 7EDEB7C02A4A5C25004D6271 /* Project object */;
			proxyType = 1;
			remoteGlobalIDString = 7EDEB7C72A4A5C25004D6271;
			remoteInfo = "Rock, Paper and Scissor";
		};
/* End PBXContainerItemProxy section */

/* Begin PBXFileReference section */
		7EDEB7C82A4A5C25004D6271 /* Rock, Paper and Scissor.app */ = {isa = PBXFileReference; explicitFileType = wrapper.application; includeInIndex = 0; path = "Rock, Paper and Scissor.app"; sourceTree = BUILT_PRODUCTS_DIR; };
		7EDEB7CB2A4A5C25004D6271 /* Rock__Paper_and_ScissorApp.swift */ = {isa = PBXFileReference; lastKnownFileType = sourcecode.swift; path = Rock__Paper_and_ScissorApp.swift; sourceTree = "<group>"; };
		7EDEB7CD2A4A5C25004D6271 /* ContentView.swift */ = {isa = PBXFileReference; lastKnownFileType = sourcecode.swift; path = ContentView.swift; sourceTree = "<group>"; };
		7EDEB7CF2A4A5C25004D6271 /* Assets.xcassets */ = {isa = PBXFileReference; lastKnownFileType = folder.assetcatalog; path = Assets.xcassets; sourceTree = "<group>"; };
		7EDEB7D22A4A5C25004D6271 /* Preview Assets.xcassets */ = {isa = PBXFileReference; lastKnownFileType = folder.assetcatalog; path = "Preview Assets.xcassets"; sourceTree = "<group>"; };
		7EDEB7D82A4A5C25004D6271 /* Rock, Paper and ScissorTests.xctest */ = {isa = PBXFileReference; explicitFileType = wrapper.cfbundle; includeInIndex = 0; path = "Rock, Paper and ScissorTests.xctest"; sourceTree = BUILT_PRODUCTS_DIR; };
		7EDEB7DC2A4A5C26004D6271 /* Rock__Paper_and_ScissorTests.swift */ = {isa = PBXFileReference; lastKnownFileType = sourcecode.swift; path = Rock__Paper_and_ScissorTests.swift; sourceTree = "<group>"; };
		7EDEB7E22A4A5C26004D6271 /* Rock, Paper and ScissorUITests.xctest */ = {isa = PBXFileReference; explicitFileType = wrapper.cfbundle; includeInIndex = 0; path = "Rock, Paper and ScissorUITests.xctest"; sourceTree = BUILT_PRODUCTS_DIR; };
		7EDEB7E62A4A5C26004D6271 /* Rock__Paper_and_ScissorUITests.swift */ = {isa = PBXFileReference; lastKnownFileType = sourcecode.swift; path = Rock__Paper_and_ScissorUITests.swift; sourceTree = "<group>"; };
		7EDEB7E82A4A5C26004D6271 /* Rock__Paper_and_ScissorUITestsLaunchTests.swift */ = {isa = PBXFileReference; lastKnownFileType = sourcecode.swift; path = Rock__Paper_and_ScissorUITestsLaunchTests.swift; sourceTree = "<group>"; };
/* End PBXFileReference section */

/* Begin PBXFrameworksBuildPhase section */
		7EDEB7C52A4A5C25004D6271 /* Frameworks */ = {
			isa = PBXFrameworksBuildPhase;
			buildActionMask = 2147483647;
			files = (
			);
			runOnlyForDeploymentPostprocessing = 0;
		};
		7EDEB7D52A4A5C25004D6271 /* Frameworks */ = {
			isa = PBXFrameworksBuildPhase;
			buildActionMask = 2147483647;
			files = (
			);
			runOnlyForDeploymentPostprocessing = 0;
		};
		7EDEB7DF2A4A5C26004D6271 /* Frameworks */ = {
			isa = PBXFrameworksBuildPhase;
			buildActionMask = 2147483647;
			files = (
			);
			runOnlyForDeploymentPostprocessing = 0;
		};
/* End PBXFrameworksBuildPhase section */

/* Begin PBXGroup section */
		7EDEB7BF2A4A5C24004D6271 = {
			isa = PBXGroup;
			children = (
				7EDEB7CA2A4A5C25004D6271 /* Rock, Paper and Scissor */,
				7EDEB7DB2A4A5C26004D6271 /* Rock, Paper and ScissorTests */,
				7EDEB7E52A4A5C26004D6271 /* Rock, Paper and ScissorUITests */,
				7EDEB7C92A4A5C25004D6271 /* Products */,
			);
			sourceTree = "<group>";
		};
		7EDEB7C92A4A5C25004D6271 /* Products */ = {
			isa = PBXGroup;
			children = (
				7EDEB7C82A4A5C25004D6271 /* Rock, Paper and Scissor.app */,
				7EDEB7D82A4A5C25004D6271 /* Rock, Paper and ScissorTests.xctest */,
				7EDEB7E22A4A5C26004D6271 /* Rock, Paper and ScissorUITests.xctest */,
			);
			name = Products;
			sourceTree = "<group>";
		};
		7EDEB7CA2A4A5C25004D6271 /* Rock, Paper and Scissor */ = {
			isa = PBXGroup;
			children = (
				7EDEB7CB2A4A5C25004D6271 /* Rock__Paper_and_ScissorApp.swift */,
				7EDEB7CD2A4A5C25004D6271 /* ContentView.swift */,
				7EDEB7CF2A4A5C25004D6271 /* Assets.xcassets */,
				7EDEB7D12A4A5C25004D6271 /* Preview Content */,
			);
			path = "Rock, Paper and Scissor";
			sourceTree = "<group>";
		};
		7EDEB7D12A4A5C25004D6271 /* Preview Content */ = {
			isa = PBXGroup;
			children = (
				7EDEB7D22A4A5C25004D6271 /* Preview Assets.xcassets */,
			);
			path = "Preview Content";
			sourceTree = "<group>";
		};
		7EDEB7DB2A4A5C26004D6271 /* Rock, Paper and ScissorTests */ = {
			isa = PBXGroup;
			children = (
				7EDEB7DC2A4A5C26004D6271 /* Rock__Paper_and_ScissorTests.swift */,
			);
			path = "Rock, Paper and ScissorTests";
			sourceTree = "<group>";
		};
		7EDEB7E52A4A5C26004D6271 /* Rock, Paper and ScissorUITests */ = {
			isa = PBXGroup;
			children = (
				7EDEB7E62A4A5C26004D6271 /* Rock__Paper_and_ScissorUITests.swift */,
				7EDEB7E82A4A5C26004D6271 /* Rock__Paper_and_ScissorUITestsLaunchTests.swift */,
			);
			path = "Rock, Paper and ScissorUITests";
			sourceTree = "<group>";
		};
/* End PBXGroup section */

/* Begin PBXNativeTarget section */
		7EDEB7C72A4A5C25004D6271 /* Rock, Paper and Scissor */ = {
			isa = PBXNativeTarget;
			buildConfigurationList = 7EDEB7EC2A4A5C26004D6271 /* Build configuration list for PBXNativeTarget "Rock, Paper and Scissor" */;
			buildPhases = (
				7EDEB7C42A4A5C25004D6271 /* Sources */,
				7EDEB7C52A4A5C25004D6271 /* Frameworks */,
				7EDEB7C62A4A5C25004D6271 /* Resources */,
			);
			buildRules = (
			);
			dependencies = (
			);
			name = "Rock, Paper and Scissor";
			productName = "Rock, Paper and Scissor";
			productReference = 7EDEB7C82A4A5C25004D6271 /* Rock, Paper and Scissor.app */;
			productType = "com.apple.product-type.application";
		};
		7EDEB7D72A4A5C25004D6271 /* Rock, Paper and ScissorTests */ = {
			isa = PBXNativeTarget;
			buildConfigurationList = 7EDEB7EF2A4A5C26004D6271 /* Build configuration list for PBXNativeTarget "Rock, Paper and ScissorTests" */;
			buildPhases = (
				7EDEB7D42A4A5C25004D6271 /* Sources */,
				7EDEB7D52A4A5C25004D6271 /* Frameworks */,
				7EDEB7D62A4A5C25004D6271 /* Resources */,
			);
			buildRules = (
			);
			dependencies = (
				7EDEB7DA2A4A5C26004D6271 /* PBXTargetDependency */,
			);
			name = "Rock, Paper and ScissorTests";
			productName = "Rock, Paper and ScissorTests";
			productReference = 7EDEB7D82A4A5C25004D6271 /* Rock, Paper and ScissorTests.xctest */;
			productType = "com.apple.product-type.bundle.unit-test";
		};
		7EDEB7E12A4A5C26004D6271 /* Rock, Paper and ScissorUITests */ = {
			isa = PBXNativeTarget;
			buildConfigurationList = 7EDEB7F22A4A5C26004D6271 /* Build configuration list for PBXNativeTarget "Rock, Paper and ScissorUITests" */;
			buildPhases = (
				7EDEB7DE2A4A5C26004D6271 /* Sources */,
				7EDEB7DF2A4A5C26004D6271 /* Frameworks */,
				7EDEB7E02A4A5C26004D6271 /* Resources */,
			);
			buildRules = (
			);
			dependencies = (
				7EDEB7E42A4A5C26004D6271 /* PBXTargetDependency */,
			);
			name = "Rock, Paper and ScissorUITests";
			productName = "Rock, Paper and ScissorUITests";
			productReference = 7EDEB7E22A4A5C26004D6271 /* Rock, Paper and ScissorUITests.xctest */;
			productType = "com.apple.product-type.bundle.ui-testing";
		};
/* End PBXNativeTarget section */

/* Begin PBXProject section */
		7EDEB7C02A4A5C25004D6271 /* Project object */ = {
			isa = PBXProject;
			attributes = {
				BuildIndependentTargetsInParallel = 1;
				LastSwiftUpdateCheck = 1430;
				LastUpgradeCheck = 1430;
				TargetAttributes = {
					7EDEB7C72A4A5C25004D6271 = {
						CreatedOnToolsVersion = 14.3.1;
					};
					7EDEB7D72A4A5C25004D6271 = {
						CreatedOnToolsVersion = 14.3.1;
						TestTargetID = 7EDEB7C72A4A5C25004D6271;
					};
					7EDEB7E12A4A5C26004D6271 = {
						CreatedOnToolsVersion = 14.3.1;
						TestTargetID = 7EDEB7C72A4A5C25004D6271;
					};
				};
			};
			buildConfigurationList = 7EDEB7C32A4A5C25004D6271 /* Build configuration list for PBXProject "Rock, Paper and Scissor" */;
			compatibilityVersion = "Xcode 14.0";
			developmentRegion = en;
			hasScannedForEncodings = 0;
			knownRegions = (
				en,
				Base,
			);
			mainGroup = 7EDEB7BF2A4A5C24004D6271;
			productRefGroup = 7EDEB7C92A4A5C25004D6271 /* Products */;
			projectDirPath = "";
			projectRoot = "";
			targets = (
				7EDEB7C72A4A5C25004D6271 /* Rock, Paper and Scissor */,
				7EDEB7D72A4A5C25004D6271 /* Rock, Paper and ScissorTests */,
				7EDEB7E12A4A5C26004D6271 /* Rock, Paper and ScissorUITests */,
			);
		};
/* End PBXProject section */

/* Begin PBXResourcesBuildPhase section */
		7EDEB7C62A4A5C25004D6271 /* Resources */ = {
			isa = PBXResourcesBuildPhase;
			buildActionMask = 2147483647;
			files = (
				7EDEB7D32A4A5C25004D6271 /* Preview Assets.xcassets in Resources */,
				7EDEB7D02A4A5C25004D6271 /* Assets.xcassets in Resources */,
			);
			runOnlyForDeploymentPostprocessing = 0;
		};
		7EDEB7D62A4A5C25004D6271 /* Resources */ = {
			isa = PBXResourcesBuildPhase;
			buildActionMask = 2147483647;
			files = (
			);
			runOnlyForDeploymentPostprocessing = 0;
		};
		7EDEB7E02A4A5C26004D6271 /* Resources */ = {
			isa = PBXResourcesBuildPhase;
			buildActionMask = 2147483647;
			files = (
			);
			runOnlyForDeploymentPostprocessing = 0;
		};
/* End PBXResourcesBuildPhase section */

/* Begin PBXSourcesBuildPhase section */
		7EDEB7C42A4A5C25004D6271 /* Sources */ = {
			isa = PBXSourcesBuildPhase;
			buildActionMask = 2147483647;
			files = (
				7EDEB7CE2A4A5C25004D6271 /* ContentView.swift in Sources */,
				7EDEB7CC2A4A5C25004D6271 /* Rock__Paper_and_ScissorApp.swift in Sources */,
			);
			runOnlyForDeploymentPostprocessing = 0;
		};
		7EDEB7D42A4A5C25004D6271 /* Sources */ = {
			isa = PBXSourcesBuildPhase;
			buildActionMask = 2147483647;
			files = (
				7EDEB7DD2A4A5C26004D6271 /* Rock__Paper_and_ScissorTests.swift in Sources */,
			);
			runOnlyForDeploymentPostprocessing = 0;
		};
		7EDEB7DE2A4A5C26004D6271 /* Sources */ = {
			isa = PBXSourcesBuildPhase;
			buildActionMask = 2147483647;
			files = (
				7EDEB7E72A4A5C26004D6271 /* Rock__Paper_and_ScissorUITests.swift in Sources */,
				7EDEB7E92A4A5C26004D6271 /* Rock__Paper_and_ScissorUITestsLaunchTests.swift in Sources */,
			);
			runOnlyForDeploymentPostprocessing = 0;
		};
/* End PBXSourcesBuildPhase section */

/* Begin PBXTargetDependency section */
		7EDEB7DA2A4A5C26004D6271 /* PBXTargetDependency */ = {
			isa = PBXTargetDependency;
			target = 7EDEB7C72A4A5C25004D6271 /* Rock, Paper and Scissor */;
			targetProxy = 7EDEB7D92A4A5C26004D6271 /* PBXContainerItemProxy */;
		};
		7EDEB7E42A4A5C26004D6271 /* PBXTargetDependency */ = {
			isa = PBXTargetDependency;
			target = 7EDEB7C72A4A5C25004D6271 /* Rock, Paper and Scissor */;
			targetProxy = 7EDEB7E32A4A5C26004D6271 /* PBXContainerItemProxy */;
		};
/* End PBXTargetDependency section */

/* Begin XCBuildConfiguration section */
		7EDEB7EA2A4A5C26004D6271 /* Debug */ = {
			isa = XCBuildConfiguration;
			buildSettings = {
				ALWAYS_SEARCH_USER_PATHS = NO;
				CLANG_ANALYZER_NONNULL = YES;
				CLANG_ANALYZER_NUMBER_OBJECT_CONVERSION = YES_AGGRESSIVE;
				CLANG_CXX_LANGUAGE_STANDARD = "gnu++20";
				CLANG_ENABLE_MODULES = YES;
				CLANG_ENABLE_OBJC_ARC = YES;
				CLANG_ENABLE_OBJC_WEAK = YES;
				CLANG_WARN_BLOCK_CAPTURE_AUTORELEASING = YES;
				CLANG_WARN_BOOL_CONVERSION = YES;
				CLANG_WARN_COMMA = YES;
				CLANG_WARN_CONSTANT_CONVERSION = YES;
				CLANG_WARN_DEPRECATED_OBJC_IMPLEMENTATIONS = YES;
				CLANG_WARN_DIRECT_OBJC_ISA_USAGE = YES_ERROR;
				CLANG_WARN_DOCUMENTATION_COMMENTS = YES;
				CLANG_WARN_EMPTY_BODY = YES;
				CLANG_WARN_ENUM_CONVERSION = YES;
				CLANG_WARN_INFINITE_RECURSION = YES;
				CLANG_WARN_INT_CONVERSION = YES;
				CLANG_WARN_NON_LITERAL_NULL_CONVERSION = YES;
				CLANG_WARN_OBJC_IMPLICIT_RETAIN_SELF = YES;
				CLANG_WARN_OBJC_LITERAL_CONVERSION = YES;
				CLANG_WARN_OBJC_ROOT_CLASS = YES_ERROR;
				CLANG_WARN_QUOTED_INCLUDE_IN_FRAMEWORK_HEADER = YES;
				CLANG_WARN_RANGE_LOOP_ANALYSIS = YES;
				CLANG_WARN_STRICT_PROTOTYPES = YES;
				CLANG_WARN_SUSPICIOUS_MOVE = YES;
				CLANG_WARN_UNGUARDED_AVAILABILITY = YES_AGGRESSIVE;
				CLANG_WARN_UNREACHABLE_CODE = YES;
				CLANG_WARN__DUPLICATE_METHOD_MATCH = YES;
				COPY_PHASE_STRIP = NO;
				DEBUG_INFORMATION_FORMAT = dwarf;
				ENABLE_STRICT_OBJC_MSGSEND = YES;
				ENABLE_TESTABILITY = YES;
				GCC_C_LANGUAGE_STANDARD = gnu11;
				GCC_DYNAMIC_NO_PIC = NO;
				GCC_NO_COMMON_BLOCKS = YES;
				GCC_OPTIMIZATION_LEVEL = 0;
				GCC_PREPROCESSOR_DEFINITIONS = (
					"DEBUG=1",
					"$(inherited)",
				);
				GCC_WARN_64_TO_32_BIT_CONVERSION = YES;
				GCC_WARN_ABOUT_RETURN_TYPE = YES_ERROR;
				GCC_WARN_UNDECLARED_SELECTOR = YES;
				GCC_WARN_UNINITIALIZED_AUTOS = YES_AGGRESSIVE;
				GCC_WARN_UNUSED_FUNCTION = YES;
				GCC_WARN_UNUSED_VARIABLE = YES;
				IPHONEOS_DEPLOYMENT_TARGET = 16.4;
				MTL_ENABLE_DEBUG_INFO = INCLUDE_SOURCE;
				MTL_FAST_MATH = YES;
				ONLY_ACTIVE_ARCH = YES;
				SDKROOT = iphoneos;
				SWIFT_ACTIVE_COMPILATION_CONDITIONS = DEBUG;
				SWIFT_OPTIMIZATION_LEVEL = "-Onone";
			};
			name = Debug;
		};
		7EDEB7EB2A4A5C26004D6271 /* Release */ = {
			isa = XCBuildConfiguration;
			buildSettings = {
				ALWAYS_SEARCH_USER_PATHS = NO;
				CLANG_ANALYZER_NONNULL = YES;
				CLANG_ANALYZER_NUMBER_OBJECT_CONVERSION = YES_AGGRESSIVE;
				CLANG_CXX_LANGUAGE_STANDARD = "gnu++20";
				CLANG_ENABLE_MODULES = YES;
				CLANG_ENABLE_OBJC_ARC = YES;
				CLANG_ENABLE_OBJC_WEAK = YES;
				CLANG_WARN_BLOCK_CAPTURE_AUTORELEASING = YES;
				CLANG_WARN_BOOL_CONVERSION = YES;
				CLANG_WARN_COMMA = YES;
				CLANG_WARN_CONSTANT_CONVERSION = YES;
				CLANG_WARN_DEPRECATED_OBJC_IMPLEMENTATIONS = YES;
				CLANG_WARN_DIRECT_OBJC_ISA_USAGE = YES_ERROR;
				CLANG_WARN_DOCUMENTATION_COMMENTS = YES;
				CLANG_WARN_EMPTY_BODY = YES;
				CLANG_WARN_ENUM_CONVERSION = YES;
				CLANG_WARN_INFINITE_RECURSION = YES;
				CLANG_WARN_INT_CONVERSION = YES;
				CLANG_WARN_NON_LITERAL_NULL_CONVERSION = YES;
				CLANG_WARN_OBJC_IMPLICIT_RETAIN_SELF = YES;
				CLANG_WARN_OBJC_LITERAL_CONVERSION = YES;
				CLANG_WARN_OBJC_ROOT_CLASS = YES_ERROR;
				CLANG_WARN_QUOTED_INCLUDE_IN_FRAMEWORK_HEADER = YES;
				CLANG_WARN_RANGE_LOOP_ANALYSIS = YES;
				CLANG_WARN_STRICT_PROTOTYPES = YES;
				CLANG_WARN_SUSPICIOUS_MOVE = YES;
				CLANG_WARN_UNGUARDED_AVAILABILITY = YES_AGGRESSIVE;
				CLANG_WARN_UNREACHABLE_CODE = YES;
				CLANG_WARN__DUPLICATE_METHOD_MATCH = YES;
				COPY_PHASE_STRIP = NO;
				DEBUG_INFORMATION_FORMAT = "dwarf-with-dsym";
				ENABLE_NS_ASSERTIONS = NO;
				ENABLE_STRICT_OBJC_MSGSEND = YES;
				GCC_C_LANGUAGE_STANDARD = gnu11;
				GCC_NO_COMMON_BLOCKS = YES;
				GCC_WARN_64_TO_32_BIT_CONVERSION = YES;
				GCC_WARN_ABOUT_RETURN_TYPE = YES_ERROR;
				GCC_WARN_UNDECLARED_SELECTOR = YES;
				GCC_WARN_UNINITIALIZED_AUTOS = YES_AGGRESSIVE;
				GCC_WARN_UNUSED_FUNCTION = YES;
				GCC_WARN_UNUSED_VARIABLE = YES;
				IPHONEOS_DEPLOYMENT_TARGET = 16.4;
				MTL_ENABLE_DEBUG_INFO = NO;
				MTL_FAST_MATH = YES;
				SDKROOT = iphoneos;
				SWIFT_COMPILATION_MODE = wholemodule;
				SWIFT_OPTIMIZATION_LEVEL = "-O";
				VALIDATE_PRODUCT = YES;
			};
			name = Release;
		};
		7EDEB7ED2A4A5C26004D6271 /* Debug */ = {
			isa = XCBuildConfiguration;
			buildSettings = {
				ASSETCATALOG_COMPILER_APPICON_NAME = AppIcon;
				ASSETCATALOG_COMPILER_GLOBAL_ACCENT_COLOR_NAME = AccentColor;
				CODE_SIGN_STYLE = Automatic;
				CURRENT_PROJECT_VERSION = 1;
				DEVELOPMENT_ASSET_PATHS = "\"Rock, Paper and Scissor/Preview Content\"";
				DEVELOPMENT_TEAM = 9798UJJCY4;
				ENABLE_PREVIEWS = YES;
				GENERATE_INFOPLIST_FILE = YES;
				INFOPLIST_KEY_UIApplicationSceneManifest_Generation = YES;
				INFOPLIST_KEY_UIApplicationSupportsIndirectInputEvents = YES;
				INFOPLIST_KEY_UILaunchScreen_Generation = YES;
				INFOPLIST_KEY_UISupportedInterfaceOrientations_iPad = "UIInterfaceOrientationPortrait UIInterfaceOrientationPortraitUpsideDown UIInterfaceOrientationLandscapeLeft UIInterfaceOrientationLandscapeRight";
				INFOPLIST_KEY_UISupportedInterfaceOrientations_iPhone = "UIInterfaceOrientationPortrait UIInterfaceOrientationLandscapeLeft UIInterfaceOrientationLandscapeRight";
				LD_RUNPATH_SEARCH_PATHS = (
					"$(inherited)",
					"@executable_path/Frameworks",
				);
				MARKETING_VERSION = 1.0;
				PRODUCT_BUNDLE_IDENTIFIER = "Isaque.Rock--Paper-and-Scissor";
				PRODUCT_NAME = "$(TARGET_NAME)";
				SWIFT_EMIT_LOC_STRINGS = YES;
				SWIFT_VERSION = 5.0;
				TARGETED_DEVICE_FAMILY = "1,2";
			};
			name = Debug;
		};
		7EDEB7EE2A4A5C26004D6271 /* Release */ = {
			isa = XCBuildConfiguration;
			buildSettings = {
				ASSETCATALOG_COMPILER_APPICON_NAME = AppIcon;
				ASSETCATALOG_COMPILER_GLOBAL_ACCENT_COLOR_NAME = AccentColor;
				CODE_SIGN_STYLE = Automatic;
				CURRENT_PROJECT_VERSION = 1;
				DEVELOPMENT_ASSET_PATHS = "\"Rock, Paper and Scissor/Preview Content\"";
				DEVELOPMENT_TEAM = 9798UJJCY4;
				ENABLE_PREVIEWS = YES;
				GENERATE_INFOPLIST_FILE = YES;
				INFOPLIST_KEY_UIApplicationSceneManifest_Generation = YES;
				INFOPLIST_KEY_UIApplicationSupportsIndirectInputEvents = YES;
				INFOPLIST_KEY_UILaunchScreen_Generation = YES;
				INFOPLIST_KEY_UISupportedInterfaceOrientations_iPad = "UIInterfaceOrientationPortrait UIInterfaceOrientationPortraitUpsideDown UIInterfaceOrientationLandscapeLeft UIInterfaceOrientationLandscapeRight";
				INFOPLIST_KEY_UISupportedInterfaceOrientations_iPhone = "UIInterfaceOrientationPortrait UIInterfaceOrientationLandscapeLeft UIInterfaceOrientationLandscapeRight";
				LD_RUNPATH_SEARCH_PATHS = (
					"$(inherited)",
					"@executable_path/Frameworks",
				);
				MARKETING_VERSION = 1.0;
				PRODUCT_BUNDLE_IDENTIFIER = "Isaque.Rock--Paper-and-Scissor";
				PRODUCT_NAME = "$(TARGET_NAME)";
				SWIFT_EMIT_LOC_STRINGS = YES;
				SWIFT_VERSION = 5.0;
				TARGETED_DEVICE_FAMILY = "1,2";
			};
			name = Release;
		};
		7EDEB7F02A4A5C26004D6271 /* Debug */ = {
			isa = XCBuildConfiguration;
			buildSettings = {
				ALWAYS_EMBED_SWIFT_STANDARD_LIBRARIES = YES;
				BUNDLE_LOADER = "$(TEST_HOST)";
				CODE_SIGN_STYLE = Automatic;
				CURRENT_PROJECT_VERSION = 1;
				DEVELOPMENT_TEAM = 9798UJJCY4;
				GENERATE_INFOPLIST_FILE = YES;
				IPHONEOS_DEPLOYMENT_TARGET = 16.4;
				MARKETING_VERSION = 1.0;
				PRODUCT_BUNDLE_IDENTIFIER = "Isaque.Rock--Paper-and-ScissorTests";
				PRODUCT_NAME = "$(TARGET_NAME)";
				SWIFT_EMIT_LOC_STRINGS = NO;
				SWIFT_VERSION = 5.0;
				TARGETED_DEVICE_FAMILY = "1,2";
				TEST_HOST = "$(BUILT_PRODUCTS_DIR)/Rock, Paper and Scissor.app/$(BUNDLE_EXECUTABLE_FOLDER_PATH)/Rock, Paper and Scissor";
			};
			name = Debug;
		};
		7EDEB7F12A4A5C26004D6271 /* Release */ = {
			isa = XCBuildConfiguration;
			buildSettings = {
				ALWAYS_EMBED_SWIFT_STANDARD_LIBRARIES = YES;
				BUNDLE_LOADER = "$(TEST_HOST)";
				CODE_SIGN_STYLE = Automatic;
				CURRENT_PROJECT_VERSION = 1;
				DEVELOPMENT_TEAM = 9798UJJCY4;
				GENERATE_INFOPLIST_FILE = YES;
				IPHONEOS_DEPLOYMENT_TARGET = 16.4;
				MARKETING_VERSION = 1.0;
				PRODUCT_BUNDLE_IDENTIFIER = "Isaque.Rock--Paper-and-ScissorTests";
				PRODUCT_NAME = "$(TARGET_NAME)";
				SWIFT_EMIT_LOC_STRINGS = NO;
				SWIFT_VERSION = 5.0;
				TARGETED_DEVICE_FAMILY = "1,2";
				TEST_HOST = "$(BUILT_PRODUCTS_DIR)/Rock, Paper and Scissor.app/$(BUNDLE_EXECUTABLE_FOLDER_PATH)/Rock, Paper and Scissor";
			};
			name = Release;
		};
		7EDEB7F32A4A5C26004D6271 /* Debug */ = {
			isa = XCBuildConfiguration;
			buildSettings = {
				ALWAYS_EMBED_SWIFT_STANDARD_LIBRARIES = YES;
				CODE_SIGN_STYLE = Automatic;
				CURRENT_PROJECT_VERSION = 1;
				DEVELOPMENT_TEAM = 9798UJJCY4;
				GENERATE_INFOPLIST_FILE = YES;
				MARKETING_VERSION = 1.0;
				PRODUCT_BUNDLE_IDENTIFIER = "Isaque.Rock--Paper-and-ScissorUITests";
				PRODUCT_NAME = "$(TARGET_NAME)";
				SWIFT_EMIT_LOC_STRINGS = NO;
				SWIFT_VERSION = 5.0;
				TARGETED_DEVICE_FAMILY = "1,2";
				TEST_TARGET_NAME = "Rock, Paper and Scissor";
			};
			name = Debug;
		};
		7EDEB7F42A4A5C26004D6271 /* Release */ = {
			isa = XCBuildConfiguration;
			buildSettings = {
				ALWAYS_EMBED_SWIFT_STANDARD_LIBRARIES = YES;
				CODE_SIGN_STYLE = Automatic;
				CURRENT_PROJECT_VERSION = 1;
				DEVELOPMENT_TEAM = 9798UJJCY4;
				GENERATE_INFOPLIST_FILE = YES;
				MARKETING_VERSION = 1.0;
				PRODUCT_BUNDLE_IDENTIFIER = "Isaque.Rock--Paper-and-ScissorUITests";
				PRODUCT_NAME = "$(TARGET_NAME)";
				SWIFT_EMIT_LOC_STRINGS = NO;
				SWIFT_VERSION = 5.0;
				TARGETED_DEVICE_FAMILY = "1,2";
				TEST_TARGET_NAME = "Rock, Paper and Scissor";
			};
			name = Release;
		};
/* End XCBuildConfiguration section */

/* Begin XCConfigurationList section */
		7EDEB7C32A4A5C25004D6271 /* Build configuration list for PBXProject "Rock, Paper and Scissor" */ = {
			isa = XCConfigurationList;
			buildConfigurations = (
				7EDEB7EA2A4A5C26004D6271 /* Debug */,
				7EDEB7EB2A4A5C26004D6271 /* Release */,
			);
			defaultConfigurationIsVisible = 0;
			defaultConfigurationName = Release;
		};
		7EDEB7EC2A4A5C26004D6271 /* Build configuration list for PBXNativeTarget "Rock, Paper and Scissor" */ = {
			isa = XCConfigurationList;
			buildConfigurations = (
				7EDEB7ED2A4A5C26004D6271 /* Debug */,
				7EDEB7EE2A4A5C26004D6271 /* Release */,
			);
			defaultConfigurationIsVisible = 0;
			defaultConfigurationName = Release;
		};
		7EDEB7EF2A4A5C26004D6271 /* Build configuration list for PBXNativeTarget "Rock, Paper and ScissorTests" */ = {
			isa = XCConfigurationList;
			buildConfigurations = (
				7EDEB7F02A4A5C26004D6271 /* Debug */,
				7EDEB7F12A4A5C26004D6271 /* Release */,
			);
			defaultConfigurationIsVisible = 0;
			defaultConfigurationName = Release;
		};
		7EDEB7F22A4A5C26004D6271 /* Build configuration list for PBXNativeTarget "Rock, Paper and ScissorUITests" */ = {
			isa = XCConfigurationList;
			buildConfigurations = (
				7EDEB7F32A4A5C26004D6271 /* Debug */,
				7EDEB7F42A4A5C26004D6271 /* Release */,
			);
			defaultConfigurationIsVisible = 0;
			defaultConfigurationName = Release;
		};
/* End XCConfigurationList section */
	};
	rootObject = 7EDEB7C02A4A5C25004D6271 /* Project object */;
}
